dependencies:
- name: mainframe
  repository: file://charts/mainframe
  version: 0.1.0
- name: cloudnative-pg
  repository: https://cloudnative-pg.github.io/charts
  version: 0.28.2
- name: minio
  repository: https://charts.bitnami.com/bitnami
  version: 17.0.21
digest: sha256:d21c21a9e9ca71d97a5c0f874f9692114952da5d73ebbf1d6deb34d5bdd3054b
generated: "2026-05-25T18:02:23.66387523-07:00"
